// !$*UTF8*$!
{
	archiveVersion = 1;
	classes = {
	};
	objectVersion = 56;
	objects = {

/* Begin PBXBuildFile section */
		B6DC6C922BF90B39008AB46C /* PyAppApp.swift in Sources */ = {isa = PBXBuildFile; fileRef = B6DC6C912BF90B39008AB46C /* PyAppApp.swift */; };
		B6DC6C942BF90B39008AB46C /* ContentView.swift in Sources */ = {isa = PBXBuildFile; fileRef = B6DC6C932BF90B39008AB46C /* ContentView.swift */; };
		B6DC6C962BF90B3B008AB46C /* Assets.xcassets in Resources */ = {isa = PBXBuildFile; fileRef = B6DC6C952BF90B3B008AB46C /* Assets.xcassets */; };
		B6DC6C992BF90B3B008AB46C /* Preview Assets.xcassets in Resources */ = {isa = PBXBuildFile; fileRef = B6DC6C982BF90B3B008AB46C /* Preview Assets.xcassets */; };
		B6DC6CA12BF90B74008AB46C /* Bundle-Decodable.swift in Sources */ = {isa = PBXBuildFile; fileRef = B6DC6CA02BF90B74008AB46C /* Bundle-Decodable.swift */; };
		B6DC6CA32BF90B97008AB46C /* pi5000.txt in Resources */ = {isa = PBXBuildFile; fileRef = B6DC6CA22BF90B97008AB46C /* pi5000.txt */; };
		B6DC6CA52BF90BB9008AB46C /* ViewModel.swift in Sources */ = {isa = PBXBuildFile; fileRef = B6DC6CA42BF90BB9008AB46C /* ViewModel.swift */; };
		B6DC6CA72BF91792008AB46C /* AlphabetOnly.swift in Sources */ = {isa = PBXBuildFile; fileRef = B6DC6CA62BF91792008AB46C /* AlphabetOnly.swift */; };
/* End PBXBuildFile section */

/* Begin PBXFileReference section */
		B6DC6C8E2BF90B39008AB46C /* PyApp.app */ = {isa = PBXFileReference; explicitFileType = wrapper.application; includeInIndex = 0; path = PyApp.app; sourceTree = BUILT_PRODUCTS_DIR; };
		B6DC6C912BF90B39008AB46C /* PyAppApp.swift */ = {isa = PBXFileReference; lastKnownFileType = sourcecode.swift; path = PyAppApp.swift; sourceTree = "<group>"; };
		B6DC6C932BF90B39008AB46C /* ContentView.swift */ = {isa = PBXFileReference; lastKnownFileType = sourcecode.swift; path = ContentView.swift; sourceTree = "<group>"; };
		B6DC6C952BF90B3B008AB46C /* Assets.xcassets */ = {isa = PBXFileReference; lastKnownFileType = folder.assetcatalog; path = Assets.xcassets; sourceTree = "<group>"; };
		B6DC6C982BF90B3B008AB46C /* Preview Assets.xcassets */ = {isa = PBXFileReference; lastKnownFileType = folder.assetcatalog; path = "Preview Assets.xcassets"; sourceTree = "<group>"; };
		B6DC6C9A2BF90B3B008AB46C /* PyApp.entitlements */ = {isa = PBXFileReference; lastKnownFileType = text.plist.entitlements; path = PyApp.entitlements; sourceTree = "<group>"; };
		B6DC6CA02BF90B74008AB46C /* Bundle-Decodable.swift */ = {isa = PBXFileReference; fileEncoding = 4; lastKnownFileType = sourcecode.swift; path = "Bundle-Decodable.swift"; sourceTree = "<group>"; };
		B6DC6CA22BF90B97008AB46C /* pi5000.txt */ = {isa = PBXFileReference; fileEncoding = 4; lastKnownFileType = text; path = pi5000.txt; sourceTree = "<group>"; };
		B6DC6CA42BF90BB9008AB46C /* ViewModel.swift */ = {isa = PBXFileReference; lastKnownFileType = sourcecode.swift; path = ViewModel.swift; sourceTree = "<group>"; };
		B6DC6CA62BF91792008AB46C /* AlphabetOnly.swift */ = {isa = PBXFileReference; lastKnownFileType = sourcecode.swift; path = AlphabetOnly.swift; sourceTree = "<group>"; };
/* End PBXFileReference section */

/* Begin PBXFrameworksBuildPhase section */
		B6DC6C8B2BF90B39008AB46C /* Frameworks */ = {
			isa = PBXFrameworksBuildPhase;
			buildActionMask = 2147483647;
			files = (
			);
			runOnlyForDeploymentPostprocessing = 0;
		};
/* End PBXFrameworksBuildPhase section */

/* Begin PBXGroup section */
		B6DC6C852BF90B39008AB46C = {
			isa = PBXGroup;
			children = (
				B6DC6C902BF90B39008AB46C /* PyApp */,
				B6DC6C8F2BF90B39008AB46C /* Products */,
			);
			sourceTree = "<group>";
		};
		B6DC6C8F2BF90B39008AB46C /* Products */ = {
			isa = PBXGroup;
			children = (
				B6DC6C8E2BF90B39008AB46C /* PyApp.app */,
			);
			name = Products;
			sourceTree = "<group>";
		};
		B6DC6C902BF90B39008AB46C /* PyApp */ = {
			isa = PBXGroup;
			children = (
				B6DC6C912BF90B39008AB46C /* PyAppApp.swift */,
				B6DC6C932BF90B39008AB46C /* ContentView.swift */,
				B6DC6CA42BF90BB9008AB46C /* ViewModel.swift */,
				B6DC6CA62BF91792008AB46C /* AlphabetOnly.swift */,
				B6DC6CA02BF90B74008AB46C /* Bundle-Decodable.swift */,
				B6DC6CA22BF90B97008AB46C /* pi5000.txt */,
				B6DC6C952BF90B3B008AB46C /* Assets.xcassets */,
				B6DC6C9A2BF90B3B008AB46C /* PyApp.entitlements */,
				B6DC6C972BF90B3B008AB46C /* Preview Content */,
			);
			path = PyApp;
			sourceTree = "<group>";
		};
		B6DC6C972BF90B3B008AB46C /* Preview Content */ = {
			isa = PBXGroup;
			children = (
				B6DC6C982BF90B3B008AB46C /* Preview Assets.xcassets */,
			);
			path = "Preview Content";
			sourceTree = "<group>";
		};
/* End PBXGroup section */

/* Begin PBXNativeTarget section */
		B6DC6C8D2BF90B39008AB46C /* PyApp */ = {
			isa = PBXNativeTarget;
			buildConfigurationList = B6DC6C9D2BF90B3B008AB46C /* Build configuration list for PBXNativeTarget "PyApp" */;
			buildPhases = (
				B6DC6C8A2BF90B39008AB46C /* Sources */,
				B6DC6C8B2BF90B39008AB46C /* Frameworks */,
				B6DC6C8C2BF90B39008AB46C /* Resources */,
			);
			buildRules = (
			);
			dependencies = (
			);
			name = PyApp;
			productName = PyApp;
			productReference = B6DC6C8E2BF90B39008AB46C /* PyApp.app */;
			productType = "com.apple.product-type.application";
		};
/* End PBXNativeTarget section */

/* Begin PBXProject section */
		B6DC6C862BF90B39008AB46C /* Project object */ = {
			isa = PBXProject;
			attributes = {
				BuildIndependentTargetsInParallel = 1;
				LastSwiftUpdateCheck = 1530;
				LastUpgradeCheck = 1530;
				TargetAttributes = {
					B6DC6C8D2BF90B39008AB46C = {
						CreatedOnToolsVersion = 15.3;
					};
				};
			};
			buildConfigurationList = B6DC6C892BF90B39008AB46C /* Build configuration list for PBXProject "PyApp" */;
			compatibilityVersion = "Xcode 14.0";
			developmentRegion = en;
			hasScannedForEncodings = 0;
			knownRegions = (
				en,
				Base,
			);
			mainGroup = B6DC6C852BF90B39008AB46C;
			productRefGroup = B6DC6C8F2BF90B39008AB46C /* Products */;
			projectDirPath = "";
			projectRoot = "";
			targets = (
				B6DC6C8D2BF90B39008AB46C /* PyApp */,
			);
		};
/* End PBXProject section */

/* Begin PBXResourcesBuildPhase section */
		B6DC6C8C2BF90B39008AB46C /* Resources */ = {
			isa = PBXResourcesBuildPhase;
			buildActionMask = 2147483647;
			files = (
				B6DC6CA32BF90B97008AB46C /* pi5000.txt in Resources */,
				B6DC6C992BF90B3B008AB46C /* Preview Assets.xcassets in Resources */,
				B6DC6C962BF90B3B008AB46C /* Assets.xcassets in Resources */,
			);
			runOnlyForDeploymentPostprocessing = 0;
		};
/* End PBXResourcesBuildPhase section */

/* Begin PBXSourcesBuildPhase section */
		B6DC6C8A2BF90B39008AB46C /* Sources */ = {
			isa = PBXSourcesBuildPhase;
			buildActionMask = 2147483647;
			files = (
				B6DC6C942BF90B39008AB46C /* ContentView.swift in Sources */,
				B6DC6C922BF90B39008AB46C /* PyAppApp.swift in Sources */,
				B6DC6CA72BF91792008AB46C /* AlphabetOnly.swift in Sources */,
				B6DC6CA52BF90BB9008AB46C /* ViewModel.swift in Sources */,
				B6DC6CA12BF90B74008AB46C /* Bundle-Decodable.swift in Sources */,
			);
			runOnlyForDeploymentPostprocessing = 0;
		};
/* End PBXSourcesBuildPhase section */

/* Begin XCBuildConfiguration section */
		B6DC6C9B2BF90B3B008AB46C /* Debug */ = {
			isa = XCBuildConfiguration;
			buildSettings = {
				ALWAYS_SEARCH_USER_PATHS = NO;
				ASSETCATALOG_COMPILER_GENERATE_SWIFT_ASSET_SYMBOL_EXTENSIONS = YES;
				CLANG_ANALYZER_NONNULL = YES;
				CLANG_ANALYZER_NUMBER_OBJECT_CONVERSION = YES_AGGRESSIVE;
				CLANG_CXX_LANGUAGE_STANDARD = "gnu++20";
				CLANG_ENABLE_MODULES = YES;
				CLANG_ENABLE_OBJC_ARC = YES;
				CLANG_ENABLE_OBJC_WEAK = YES;
				CLANG_WARN_BLOCK_CAPTURE_AUTORELEASING = YES;
				CLANG_WARN_BOOL_CONVERSION = YES;
				CLANG_WARN_COMMA = YES;
				CLANG_WARN_CONSTANT_CONVERSION = YES;
				CLANG_WARN_DEPRECATED_OBJC_IMPLEMENTATIONS = YES;
				CLANG_WARN_DIRECT_OBJC_ISA_USAGE = YES_ERROR;
				CLANG_WARN_DOCUMENTATION_COMMENTS = YES;
				CLANG_WARN_EMPTY_BODY = YES;
				CLANG_WARN_ENUM_CONVERSION = YES;
				CLANG_WARN_INFINITE_RECURSION = YES;
				CLANG_WARN_INT_CONVERSION = YES;
				CLANG_WARN_NON_LITERAL_NULL_CONVERSION = YES;
				CLANG_WARN_OBJC_IMPLICIT_RETAIN_SELF = YES;
				CLANG_WARN_OBJC_LITERAL_CONVERSION = YES;
				CLANG_WARN_OBJC_ROOT_CLASS = YES_ERROR;
				CLANG_WARN_QUOTED_INCLUDE_IN_FRAMEWORK_HEADER = YES;
				CLANG_WARN_RANGE_LOOP_ANALYSIS = YES;
				CLANG_WARN_STRICT_PROTOTYPES = YES;
				CLANG_WARN_SUSPICIOUS_MOVE = YES;
				CLANG_WARN_UNGUARDED_AVAILABILITY = YES_AGGRESSIVE;
				CLANG_WARN_UNREACHABLE_CODE = YES;
				CLANG_WARN__DUPLICATE_METHOD_MATCH = YES;
				COPY_PHASE_STRIP = NO;
				DEBUG_INFORMATION_FORMAT = dwarf;
				ENABLE_STRICT_OBJC_MSGSEND = YES;
				ENABLE_TESTABILITY = YES;
				ENABLE_USER_SCRIPT_SANDBOXING = YES;
				GCC_C_LANGUAGE_STANDARD = gnu17;
				GCC_DYNAMIC_NO_PIC = NO;
				GCC_NO_COMMON_BLOCKS = YES;
				GCC_OPTIMIZATION_LEVEL = 0;
				GCC_PREPROCESSOR_DEFINITIONS = (
					"DEBUG=1",
					"$(inherited)",
				);
				GCC_WARN_64_TO_32_BIT_CONVERSION = YES;
				GCC_WARN_ABOUT_RETURN_TYPE = YES_ERROR;
				GCC_WARN_UNDECLARED_SELECTOR = YES;
				GCC_WARN_UNINITIALIZED_AUTOS = YES_AGGRESSIVE;
				GCC_WARN_UNUSED_FUNCTION = YES;
				GCC_WARN_UNUSED_VARIABLE = YES;
				LOCALIZATION_PREFERS_STRING_CATALOGS = YES;
				MACOSX_DEPLOYMENT_TARGET = 14.0;
				MTL_ENABLE_DEBUG_INFO = INCLUDE_SOURCE;
				MTL_FAST_MATH = YES;
				ONLY_ACTIVE_ARCH = YES;
				SDKROOT = macosx;
				SWIFT_ACTIVE_COMPILATION_CONDITIONS = "DEBUG $(inherited)";
				SWIFT_OPTIMIZATION_LEVEL = "-Onone";
			};
			name = Debug;
		};
		B6DC6C9C2BF90B3B008AB46C /* Release */ = {
			isa = XCBuildConfiguration;
			buildSettings = {
				ALWAYS_SEARCH_USER_PATHS = NO;
				ASSETCATALOG_COMPILER_GENERATE_SWIFT_ASSET_SYMBOL_EXTENSIONS = YES;
				CLANG_ANALYZER_NONNULL = YES;
				CLANG_ANALYZER_NUMBER_OBJECT_CONVERSION = YES_AGGRESSIVE;
				CLANG_CXX_LANGUAGE_STANDARD = "gnu++20";
				CLANG_ENABLE_MODULES = YES;
				CLANG_ENABLE_OBJC_ARC = YES;
				CLANG_ENABLE_OBJC_WEAK = YES;
				CLANG_WARN_BLOCK_CAPTURE_AUTORELEASING = YES;
				CLANG_WARN_BOOL_CONVERSION = YES;
				CLANG_WARN_COMMA = YES;
				CLANG_WARN_CONSTANT_CONVERSION = YES;
				CLANG_WARN_DEPRECATED_OBJC_IMPLEMENTATIONS = YES;
				CLANG_WARN_DIRECT_OBJC_ISA_USAGE = YES_ERROR;
				CLANG_WARN_DOCUMENTATION_COMMENTS = YES;
				CLANG_WARN_EMPTY_BODY = YES;
				CLANG_WARN_ENUM_CONVERSION = YES;
				CLANG_WARN_INFINITE_RECURSION = YES;
				CLANG_WARN_INT_CONVERSION = YES;
				CLANG_WARN_NON_LITERAL_NULL_CONVERSION = YES;
				CLANG_WARN_OBJC_IMPLICIT_RETAIN_SELF = YES;
				CLANG_WARN_OBJC_LITERAL_CONVERSION = YES;
				CLANG_WARN_OBJC_ROOT_CLASS = YES_ERROR;
				CLANG_WARN_QUOTED_INCLUDE_IN_FRAMEWORK_HEADER = YES;
				CLANG_WARN_RANGE_LOOP_ANALYSIS = YES;
				CLANG_WARN_STRICT_PROTOTYPES = YES;
				CLANG_WARN_SUSPICIOUS_MOVE = YES;
				CLANG_WARN_UNGUARDED_AVAILABILITY = YES_AGGRESSIVE;
				CLANG_WARN_UNREACHABLE_CODE = YES;
				CLANG_WARN__DUPLICATE_METHOD_MATCH = YES;
				COPY_PHASE_STRIP = NO;
				DEBUG_INFORMATION_FORMAT = "dwarf-with-dsym";
				ENABLE_NS_ASSERTIONS = NO;
				ENABLE_STRICT_OBJC_MSGSEND = YES;
				ENABLE_USER_SCRIPT_SANDBOXING = YES;
				GCC_C_LANGUAGE_STANDARD = gnu17;
				GCC_NO_COMMON_BLOCKS = YES;
				GCC_WARN_64_TO_32_BIT_CONVERSION = YES;
				GCC_WARN_ABOUT_RETURN_TYPE = YES_ERROR;
				GCC_WARN_UNDECLARED_SELECTOR = YES;
				GCC_WARN_UNINITIALIZED_AUTOS = YES_AGGRESSIVE;
				GCC_WARN_UNUSED_FUNCTION = YES;
				GCC_WARN_UNUSED_VARIABLE = YES;
				LOCALIZATION_PREFERS_STRING_CATALOGS = YES;
				MACOSX_DEPLOYMENT_TARGET = 14.0;
				MTL_ENABLE_DEBUG_INFO = NO;
				MTL_FAST_MATH = YES;
				SDKROOT = macosx;
				SWIFT_COMPILATION_MODE = wholemodule;
			};
			name = Release;
		};
		B6DC6C9E2BF90B3B008AB46C /* Debug */ = {
			isa = XCBuildConfiguration;
			buildSettings = {
				ASSETCATALOG_COMPILER_APPICON_NAME = AppIcon;
				ASSETCATALOG_COMPILER_GLOBAL_ACCENT_COLOR_NAME = AccentColor;
				CODE_SIGN_ENTITLEMENTS = PyApp/PyApp.entitlements;
				CODE_SIGN_STYLE = Automatic;
				COMBINE_HIDPI_IMAGES = YES;
				CURRENT_PROJECT_VERSION = 1;
				DEVELOPMENT_ASSET_PATHS = "\"PyApp/Preview Content\"";
				DEVELOPMENT_TEAM = H8ZGPE64NJ;
				ENABLE_HARDENED_RUNTIME = YES;
				ENABLE_PREVIEWS = YES;
				GENERATE_INFOPLIST_FILE = YES;
				INFOPLIST_KEY_CFBundleDisplayName = "Remember for Pi";
				INFOPLIST_KEY_LSApplicationCategoryType = "public.app-category.education";
				INFOPLIST_KEY_NSHumanReadableCopyright = "";
				LD_RUNPATH_SEARCH_PATHS = (
					"$(inherited)",
					"@executable_path/../Frameworks",
				);
				MARKETING_VERSION = 1.0;
				PRODUCT_BUNDLE_IDENTIFIER = br.com.includesystems.PyApp;
				PRODUCT_NAME = "$(TARGET_NAME)";
				SWIFT_EMIT_LOC_STRINGS = YES;
				SWIFT_VERSION = 5.0;
			};
			name = Debug;
		};
		B6DC6C9F2BF90B3B008AB46C /* Release */ = {
			isa = XCBuildConfiguration;
			buildSettings = {
				ASSETCATALOG_COMPILER_APPICON_NAME = AppIcon;
				ASSETCATALOG_COMPILER_GLOBAL_ACCENT_COLOR_NAME = AccentColor;
				CODE_SIGN_ENTITLEMENTS = PyApp/PyApp.entitlements;
				CODE_SIGN_STYLE = Automatic;
				COMBINE_HIDPI_IMAGES = YES;
				CURRENT_PROJECT_VERSION = 1;
				DEVELOPMENT_ASSET_PATHS = "\"PyApp/Preview Content\"";
				DEVELOPMENT_TEAM = H8ZGPE64NJ;
				ENABLE_HARDENED_RUNTIME = YES;
				ENABLE_PREVIEWS = YES;
				GENERATE_INFOPLIST_FILE = YES;
				INFOPLIST_KEY_CFBundleDisplayName = "Remember for Pi";
				INFOPLIST_KEY_LSApplicationCategoryType = "public.app-category.education";
				INFOPLIST_KEY_NSHumanReadableCopyright = "";
				LD_RUNPATH_SEARCH_PATHS = (
					"$(inherited)",
					"@executable_path/../Frameworks",
				);
				MARKETING_VERSION = 1.0;
				PRODUCT_BUNDLE_IDENTIFIER = br.com.includesystems.PyApp;
				PRODUCT_NAME = "$(TARGET_NAME)";
				SWIFT_EMIT_LOC_STRINGS = YES;
				SWIFT_VERSION = 5.0;
			};
			name = Release;
		};
/* End XCBuildConfiguration section */

/* Begin XCConfigurationList section */
		B6DC6C892BF90B39008AB46C /* Build configuration list for PBXProject "PyApp" */ = {
			isa = XCConfigurationList;
			buildConfigurations = (
				B6DC6C9B2BF90B3B008AB46C /* Debug */,
				B6DC6C9C2BF90B3B008AB46C /* Release */,
			);
			defaultConfigurationIsVisible = 0;
			defaultConfigurationName = Release;
		};
		B6DC6C9D2BF90B3B008AB46C /* Build configuration list for PBXNativeTarget "PyApp" */ = {
			isa = XCConfigurationList;
			buildConfigurations = (
				B6DC6C9E2BF90B3B008AB46C /* Debug */,
				B6DC6C9F2BF90B3B008AB46C /* Release */,
			);
			defaultConfigurationIsVisible = 0;
			defaultConfigurationName = Release;
		};
/* End XCConfigurationList section */
	};
	rootObject = B6DC6C862BF90B39008AB46C /* Project object */;
}
